
Microsoft Visual Studio Solution File, Format Version 12.00
# Visual Studio Version 17
VisualStudioVersion = 17.8.34330.188
MinimumVisualStudioVersion = 10.0.40219.1
Project("{F184B08F-C81C-45F6-A57F-5ABD9991F28F}") = "flightData", "flightData\flightData.vbproj", "{283122C5-6676-4A77-9134-29E998238073}"
EndProject
Global
	GlobalSection(SolutionConfigurationPlatforms) = preSolution
		Debug|Any CPU = Debug|Any CPU
		Release|Any CPU = Release|Any CPU
	EndGlobalSection
	GlobalSection(ProjectConfigurationPlatforms) = postSolution
		{283122C5-6676-4A77-9134-29E998238073}.Debug|Any CPU.ActiveCfg = Debug|Any CPU
		{283122C5-6676-4A77-9134-29E998238073}.Debug|Any CPU.Build.0 = Debug|Any CPU
		{283122C5-6676-4A77-9134-29E998238073}.Release|Any CPU.ActiveCfg = Release|Any CPU
		{283122C5-6676-4A77-9134-29E998238073}.Release|Any CPU.Build.0 = Release|Any CPU
	EndGlobalSection
	GlobalSection(SolutionProperties) = preSolution
		HideSolutionNode = FALSE
	EndGlobalSection
	GlobalSection(ExtensibilityGlobals) = postSolution
		SolutionGuid = {84F2CDCB-095C-438D-B302-52B4F52C7BC1}
	EndGlobalSection
EndGlobal
